
Microsoft Visual Studio Solution File, Format Version 12.00
# Visual Studio Version 16
VisualStudioVersion = 16.0.30804.86
MinimumVisualStudioVersion = 10.0.40219.1
Project("{FAE04EC0-301F-11D3-BF4B-00C04F79EFBC}") = "Lab5v2", "Lab5v2\Lab5v2.csproj", "{C9E0D2B5-98FF-4280-8819-DEEFC22FA02A}"
EndProject
Global
	GlobalSection(SolutionConfigurationPlatforms) = preSolution
		Debug|Any CPU = Debug|Any CPU
		Release|Any CPU = Release|Any CPU
	EndGlobalSection
	GlobalSection(ProjectConfigurationPlatforms) = postSolution
		{C9E0D2B5-98FF-4280-8819-DEEFC22FA02A}.Debug|Any CPU.ActiveCfg = Debug|Any CPU
		{C9E0D2B5-98FF-4280-8819-DEEFC22FA02A}.Debug|Any CPU.Build.0 = Debug|Any CPU
		{C9E0D2B5-98FF-4280-8819-DEEFC22FA02A}.Release|Any CPU.ActiveCfg = Release|Any CPU
		{C9E0D2B5-98FF-4280-8819-DEEFC22FA02A}.Release|Any CPU.Build.0 = Release|Any CPU
	EndGlobalSection
	GlobalSection(SolutionProperties) = preSolution
		HideSolutionNode = FALSE
	EndGlobalSection
	GlobalSection(ExtensibilityGlobals) = postSolution
		SolutionGuid = {35D1EAB4-2C68-4689-A5CA-C41988B3F32B}
	EndGlobalSection
EndGlobal
